schema: '2.0'
stages:
  data_ingestion:
    cmd: python src/data/Data_ingestion.py
    deps:
    - path: src/data/Data_ingestion.py
      hash: md5
      md5: 13030ef53c1b108a1480d544221d639e
      size: 4433
    params:
      params.yaml:
        data_ingestion.test_size: 0.4
    outs:
    - path: data/raw/test.csv
      hash: md5
      md5: 68f6d1d64201f21a29e76591feb30926
      size: 329484
    - path: data/raw/train.csv
      hash: md5
      md5: 78b1d032ce6bdd1ca37990baf21f4a36
      size: 498489
  data_preprocessing:
    cmd: python src/data/data_preprocessing.py
    deps:
    - path: data/raw/test.csv
      hash: md5
      md5: 68f6d1d64201f21a29e76591feb30926
      size: 329484
    - path: data/raw/train.csv
      hash: md5
      md5: 78b1d032ce6bdd1ca37990baf21f4a36
      size: 498489
    - path: src/data/data_preprocessing.py
      hash: md5
      md5: 36d5d77ebc1fe9604468c6b0221b48d0
      size: 6328
    params:
      params.yaml:
        data_preprocessing.text_column: content
    outs:
    - path: data/processed/test_processed.csv
      hash: md5
      md5: 19b09f30b19a932cdaf8da118b28987c
      size: 225254
    - path: data/processed/train_processed.csv
      hash: md5
      md5: 7ca970bab59626f3700fb2c42b60cf0e
      size: 339824
  feature_engineering:
    cmd: python src/features/feature_engineering.py
    deps:
    - path: data/processed/test_processed.csv
      hash: md5
      md5: 19b09f30b19a932cdaf8da118b28987c
      size: 225254
    - path: data/processed/train_processed.csv
      hash: md5
      md5: 7ca970bab59626f3700fb2c42b60cf0e
      size: 339824
    - path: src/features/feature_engineering.py
      hash: md5
      md5: bc388059ffb1abb164967bdb6a0f19f6
      size: 5125
    params:
      params.yaml:
        feature_engineering.max_features: 100
    outs:
    - path: data/features/test_bow.csv
      hash: md5
      md5: 5f1a44691b3dee8ac744c21b3a2ff3f7
      size: 842747
    - path: data/features/train_bow.csv
      hash: md5
      md5: 2b58399d7f9d9e62a9bb7467267c5831
      size: 1263769
  model_building:
    cmd: python src/models/model_building.py
    deps:
    - path: data/features/train_bow.csv
      hash: md5
      md5: 2b58399d7f9d9e62a9bb7467267c5831
      size: 1263769
    - path: src/models/model_building.py
      hash: md5
      md5: 3ca4a488b7fd13e2dfe2f78ad90f5247
      size: 4716
    params:
      params.yaml:
        model_building.learning_rate: 0.1
        model_building.n_estimators: 100
    outs:
    - path: models/model.pkl
      hash: md5
      md5: b3815edb376dc105e9477c5a3fc9bf63
      size: 138779
  model_evaluation:
    cmd: python src/models/model_evaluation.py
    deps:
    - path: data/features/test_bow.csv
      hash: md5
      md5: 5f1a44691b3dee8ac744c21b3a2ff3f7
      size: 842747
    - path: models/model.pkl
      hash: md5
      md5: b3815edb376dc105e9477c5a3fc9bf63
      size: 138779
    - path: src/models/model_evaluation.py
      hash: md5
      md5: 4c14b5bb0798e1737ba5d9397ceafcc4
      size: 4496
    outs:
    - path: reports/metrics.json
      hash: md5
      md5: c01ef638da52a880a419d301f9720770
      size: 145
